# This file was autogenerated by Stack.
# You should not edit this file by hand.
# For more information, please see the documentation at:
#   https://docs.haskellstack.org/en/stable/topics/lock_files

packages:
- completed:
    hackage: comonad-5.0.9@sha256:75aded79bf583c908e4e4687c0ae067f256e2507536b75f58ffba7748767c353,3587
    pantry-tree:
      sha256: ab93cc70ca8334920603ca05e2dda24e84e9bfd20d64d1138f7ae3e03cd0ea41
      size: 1616
  original:
    hackage: comonad-5.0.9@sha256:75aded79bf583c908e4e4687c0ae067f256e2507536b75f58ffba7748767c353,3587
- completed:
    hackage: distributive-0.6.2.1@sha256:0f99f5541cca04acf89b64432b03422b6408e830a8dff30e6c4334ef1a48680c,2996
    pantry-tree:
      sha256: a42bed5fe0ba295643538312dee6c9436314c05a6f7efdd32b4303979f8bd744
      size: 735
  original:
    hackage: distributive-0.6.2.1@sha256:0f99f5541cca04acf89b64432b03422b6408e830a8dff30e6c4334ef1a48680c,2996
- completed:
    hackage: indexed-traversable-0.1.4@sha256:42d9e84a65a0c17c248233cab98ada872ff6140dfa24d109d6eb285204d07e7d,2098
    pantry-tree:
      sha256: d3e9e60aede3658838fa552646552212f01a3cba19bd50397c86795a28d67b27
      size: 625
  original:
    hackage: indexed-traversable-0.1.4@sha256:42d9e84a65a0c17c248233cab98ada872ff6140dfa24d109d6eb285204d07e7d,2098
- completed:
    hackage: tagged-0.8.9@sha256:6aad7d2fd594bd51834450d97850b9959305951993ea739fa2bbc18b55d8767d,2123
    pantry-tree:
      sha256: 24b98df98d96ed0ac99294d5480c4be73116922729bd8824bee1ded571d508f3
      size: 438
  original:
    hackage: tagged-0.8.9@sha256:6aad7d2fd594bd51834450d97850b9959305951993ea739fa2bbc18b55d8767d,2123
- completed:
    hackage: transformers-compat-0.7.2@sha256:044fb9955f63ee138fcebedfdcbe54afe741f2d5892a2d0bdf3a8052bd342643,5601
    pantry-tree:
      sha256: f49610c6a2faf82111e5d4222576f4afbcfa904bf56665232c5aa077dfc7578f
      size: 1724
  original:
    hackage: transformers-compat-0.7.2@sha256:044fb9955f63ee138fcebedfdcbe54afe741f2d5892a2d0bdf3a8052bd342643,5601
- completed:
    hackage: base-orphans-0.9.3@sha256:c95cd3490ef99998a496de26afe8879a1d7780fa181a4479a956c690d74f75f1,3161
    pantry-tree:
      sha256: edea653b8c0beed2e75e504ead7986547b432c2a331f0b3220ede9bce52b5f84
      size: 1273
  original:
    hackage: base-orphans-0.9.3@sha256:c95cd3490ef99998a496de26afe8879a1d7780fa181a4479a956c690d74f75f1,3161
snapshots: []
